
Microsoft Visual Studio Solution File, Format Version 12.00
# Visual Studio Version 16
VisualStudioVersion = 16.0.32901.82
MinimumVisualStudioVersion = 10.0.40219.1
Project("{FAE04EC0-301F-11D3-BF4B-00C04F79EFBC}") = "FunfoxDemo", "FunfoxDemo\FunfoxDemo.csproj", "{FBEEAFCC-5F36-4656-9410-A34FD329DDEB}"
EndProject
Project("{FAE04EC0-301F-11D3-BF4B-00C04F79EFBC}") = "Manager", "Manager\Manager.csproj", "{156123D4-E776-431D-B324-A1F530C5D2C6}"
EndProject
Project("{FAE04EC0-301F-11D3-BF4B-00C04F79EFBC}") = "VM", "VM\VM.csproj", "{53D3D20C-F3E7-4B93-8835-4C8A56E72621}"
EndProject
Project("{FAE04EC0-301F-11D3-BF4B-00C04F79EFBC}") = "Repo", "Repo\Repo.csproj", "{5CBD91BB-A464-4B86-A46F-EF466F8C80AF}"
EndProject
Project("{FAE04EC0-301F-11D3-BF4B-00C04F79EFBC}") = "Entity", "Entity\Entity.csproj", "{579A3D61-9DA8-4575-B2DD-2D18DEDB9EA2}"
EndProject
Global
	GlobalSection(SolutionConfigurationPlatforms) = preSolution
		Debug|Any CPU = Debug|Any CPU
		Release|Any CPU = Release|Any CPU
	EndGlobalSection
	GlobalSection(ProjectConfigurationPlatforms) = postSolution
		{FBEEAFCC-5F36-4656-9410-A34FD329DDEB}.Debug|Any CPU.ActiveCfg = Debug|Any CPU
		{FBEEAFCC-5F36-4656-9410-A34FD329DDEB}.Debug|Any CPU.Build.0 = Debug|Any CPU
		{FBEEAFCC-5F36-4656-9410-A34FD329DDEB}.Release|Any CPU.ActiveCfg = Release|Any CPU
		{FBEEAFCC-5F36-4656-9410-A34FD329DDEB}.Release|Any CPU.Build.0 = Release|Any CPU
		{156123D4-E776-431D-B324-A1F530C5D2C6}.Debug|Any CPU.ActiveCfg = Debug|Any CPU
		{156123D4-E776-431D-B324-A1F530C5D2C6}.Debug|Any CPU.Build.0 = Debug|Any CPU
		{156123D4-E776-431D-B324-A1F530C5D2C6}.Release|Any CPU.ActiveCfg = Release|Any CPU
		{156123D4-E776-431D-B324-A1F530C5D2C6}.Release|Any CPU.Build.0 = Release|Any CPU
		{53D3D20C-F3E7-4B93-8835-4C8A56E72621}.Debug|Any CPU.ActiveCfg = Debug|Any CPU
		{53D3D20C-F3E7-4B93-8835-4C8A56E72621}.Debug|Any CPU.Build.0 = Debug|Any CPU
		{53D3D20C-F3E7-4B93-8835-4C8A56E72621}.Release|Any CPU.ActiveCfg = Release|Any CPU
		{53D3D20C-F3E7-4B93-8835-4C8A56E72621}.Release|Any CPU.Build.0 = Release|Any CPU
		{5CBD91BB-A464-4B86-A46F-EF466F8C80AF}.Debug|Any CPU.ActiveCfg = Debug|Any CPU
		{5CBD91BB-A464-4B86-A46F-EF466F8C80AF}.Debug|Any CPU.Build.0 = Debug|Any CPU
		{5CBD91BB-A464-4B86-A46F-EF466F8C80AF}.Release|Any CPU.ActiveCfg = Release|Any CPU
		{5CBD91BB-A464-4B86-A46F-EF466F8C80AF}.Release|Any CPU.Build.0 = Release|Any CPU
		{579A3D61-9DA8-4575-B2DD-2D18DEDB9EA2}.Debug|Any CPU.ActiveCfg = Debug|Any CPU
		{579A3D61-9DA8-4575-B2DD-2D18DEDB9EA2}.Debug|Any CPU.Build.0 = Debug|Any CPU
		{579A3D61-9DA8-4575-B2DD-2D18DEDB9EA2}.Release|Any CPU.ActiveCfg = Release|Any CPU
		{579A3D61-9DA8-4575-B2DD-2D18DEDB9EA2}.Release|Any CPU.Build.0 = Release|Any CPU
	EndGlobalSection
	GlobalSection(SolutionProperties) = preSolution
		HideSolutionNode = FALSE
	EndGlobalSection
	GlobalSection(ExtensibilityGlobals) = postSolution
		SolutionGuid = {9A46E551-657E-4718-B2D6-85B3CC6B174A}
	EndGlobalSection
EndGlobal
